
Microsoft Visual Studio Solution File, Format Version 12.00
# Visual Studio Version 16
VisualStudioVersion = 16.0.28803.452
MinimumVisualStudioVersion = 10.0.40219.1
Project("{FAE04EC0-301F-11D3-BF4B-00C04F79EFBC}") = "1Version", "1Version\1Version.csproj", "{2E149DCE-9D92-4EBF-8262-25654BF1CFDC}"
EndProject
Global
	GlobalSection(SolutionConfigurationPlatforms) = preSolution
		Debug|Any CPU = Debug|Any CPU
		Release|Any CPU = Release|Any CPU
	EndGlobalSection
	GlobalSection(ProjectConfigurationPlatforms) = postSolution
		{2E149DCE-9D92-4EBF-8262-25654BF1CFDC}.Debug|Any CPU.ActiveCfg = Debug|Any CPU
		{2E149DCE-9D92-4EBF-8262-25654BF1CFDC}.Debug|Any CPU.Build.0 = Debug|Any CPU
		{2E149DCE-9D92-4EBF-8262-25654BF1CFDC}.Release|Any CPU.ActiveCfg = Release|Any CPU
		{2E149DCE-9D92-4EBF-8262-25654BF1CFDC}.Release|Any CPU.Build.0 = Release|Any CPU
	EndGlobalSection
	GlobalSection(SolutionProperties) = preSolution
		HideSolutionNode = FALSE
	EndGlobalSection
	GlobalSection(ExtensibilityGlobals) = postSolution
		SolutionGuid = {4DC011AF-B15E-48AB-806C-D16CB566345C}
	EndGlobalSection
EndGlobal
